// !$*UTF8*$!
{
	archiveVersion = 1;
	classes = {
	};
	objectVersion = 50;
	objects = {

/* Begin PBXBuildFile section */
		727127D6253769B0009C4D81 /* AppDelegate.swift in Sources */ = {isa = PBXBuildFile; fileRef = 727127D5253769B0009C4D81 /* AppDelegate.swift */; };
		727127D8253769B0009C4D81 /* SceneDelegate.swift in Sources */ = {isa = PBXBuildFile; fileRef = 727127D7253769B0009C4D81 /* SceneDelegate.swift */; };
		727127DA253769B0009C4D81 /* ViewController.swift in Sources */ = {isa = PBXBuildFile; fileRef = 727127D9253769B0009C4D81 /* ViewController.swift */; };
		727127DD253769B0009C4D81 /* Main.storyboard in Resources */ = {isa = PBXBuildFile; fileRef = 727127DB253769B0009C4D81 /* Main.storyboard */; };
		727127DF253769B3009C4D81 /* Assets.xcassets in Resources */ = {isa = PBXBuildFile; fileRef = 727127DE253769B3009C4D81 /* Assets.xcassets */; };
		727127E2253769B3009C4D81 /* LaunchScreen.storyboard in Resources */ = {isa = PBXBuildFile; fileRef = 727127E0253769B3009C4D81 /* LaunchScreen.storyboard */; };
		727127F0253E0400009C4D81 /* rolldice.mp3 in Resources */ = {isa = PBXBuildFile; fileRef = 727127EC253E0400009C4D81 /* rolldice.mp3 */; };
		727127F1253E0400009C4D81 /* failwah.mp3 in Resources */ = {isa = PBXBuildFile; fileRef = 727127ED253E0400009C4D81 /* failwah.mp3 */; };
		727127F2253E0400009C4D81 /* torpedo.mp3 in Resources */ = {isa = PBXBuildFile; fileRef = 727127EE253E0400009C4D81 /* torpedo.mp3 */; };
		727127F3253E0400009C4D81 /* zfanfare.mp3 in Resources */ = {isa = PBXBuildFile; fileRef = 727127EF253E0400009C4D81 /* zfanfare.mp3 */; };
/* End PBXBuildFile section */

/* Begin PBXFileReference section */
		727127D2253769B0009C4D81 /* SwiftyDice_TPK.app */ = {isa = PBXFileReference; explicitFileType = wrapper.application; includeInIndex = 0; path = SwiftyDice_TPK.app; sourceTree = BUILT_PRODUCTS_DIR; };
		727127D5253769B0009C4D81 /* AppDelegate.swift */ = {isa = PBXFileReference; lastKnownFileType = sourcecode.swift; path = AppDelegate.swift; sourceTree = "<group>"; };
		727127D7253769B0009C4D81 /* SceneDelegate.swift */ = {isa = PBXFileReference; lastKnownFileType = sourcecode.swift; path = SceneDelegate.swift; sourceTree = "<group>"; };
		727127D9253769B0009C4D81 /* ViewController.swift */ = {isa = PBXFileReference; lastKnownFileType = sourcecode.swift; path = ViewController.swift; sourceTree = "<group>"; };
		727127DC253769B0009C4D81 /* Base */ = {isa = PBXFileReference; lastKnownFileType = file.storyboard; name = Base; path = Base.lproj/Main.storyboard; sourceTree = "<group>"; };
		727127DE253769B3009C4D81 /* Assets.xcassets */ = {isa = PBXFileReference; lastKnownFileType = folder.assetcatalog; path = Assets.xcassets; sourceTree = "<group>"; };
		727127E1253769B3009C4D81 /* Base */ = {isa = PBXFileReference; lastKnownFileType = file.storyboard; name = Base; path = Base.lproj/LaunchScreen.storyboard; sourceTree = "<group>"; };
		727127E3253769B3009C4D81 /* Info.plist */ = {isa = PBXFileReference; lastKnownFileType = text.plist.xml; path = Info.plist; sourceTree = "<group>"; };
		727127EC253E0400009C4D81 /* rolldice.mp3 */ = {isa = PBXFileReference; lastKnownFileType = audio.mp3; name = rolldice.mp3; path = ../../../../../Downloads/dddddddddddddddddddd/rolldice.mp3; sourceTree = "<group>"; };
		727127ED253E0400009C4D81 /* failwah.mp3 */ = {isa = PBXFileReference; lastKnownFileType = audio.mp3; name = failwah.mp3; path = ../../../../../Downloads/dddddddddddddddddddd/failwah.mp3; sourceTree = "<group>"; };
		727127EE253E0400009C4D81 /* torpedo.mp3 */ = {isa = PBXFileReference; lastKnownFileType = audio.mp3; name = torpedo.mp3; path = ../../../../../Downloads/dddddddddddddddddddd/torpedo.mp3; sourceTree = "<group>"; };
		727127EF253E0400009C4D81 /* zfanfare.mp3 */ = {isa = PBXFileReference; lastKnownFileType = audio.mp3; name = zfanfare.mp3; path = ../../../../../Downloads/dddddddddddddddddddd/zfanfare.mp3; sourceTree = "<group>"; };
/* End PBXFileReference section */

/* Begin PBXFrameworksBuildPhase section */
		727127CF253769B0009C4D81 /* Frameworks */ = {
			isa = PBXFrameworksBuildPhase;
			buildActionMask = 2147483647;
			files = (
			);
			runOnlyForDeploymentPostprocessing = 0;
		};
/* End PBXFrameworksBuildPhase section */

/* Begin PBXGroup section */
		727127C9253769B0009C4D81 = {
			isa = PBXGroup;
			children = (
				727127D4253769B0009C4D81 /* SwiftyDice_TPK */,
				727127D3253769B0009C4D81 /* Products */,
			);
			sourceTree = "<group>";
		};
		727127D3253769B0009C4D81 /* Products */ = {
			isa = PBXGroup;
			children = (
				727127D2253769B0009C4D81 /* SwiftyDice_TPK.app */,
			);
			name = Products;
			sourceTree = "<group>";
		};
		727127D4253769B0009C4D81 /* SwiftyDice_TPK */ = {
			isa = PBXGroup;
			children = (
				727127EB253E03A2009C4D81 /* Sounds */,
				727127D5253769B0009C4D81 /* AppDelegate.swift */,
				727127D7253769B0009C4D81 /* SceneDelegate.swift */,
				727127D9253769B0009C4D81 /* ViewController.swift */,
				727127DB253769B0009C4D81 /* Main.storyboard */,
				727127DE253769B3009C4D81 /* Assets.xcassets */,
				727127E0253769B3009C4D81 /* LaunchScreen.storyboard */,
				727127E3253769B3009C4D81 /* Info.plist */,
			);
			path = SwiftyDice_TPK;
			sourceTree = "<group>";
		};
		727127EB253E03A2009C4D81 /* Sounds */ = {
			isa = PBXGroup;
			children = (
				727127ED253E0400009C4D81 /* failwah.mp3 */,
				727127EC253E0400009C4D81 /* rolldice.mp3 */,
				727127EE253E0400009C4D81 /* torpedo.mp3 */,
				727127EF253E0400009C4D81 /* zfanfare.mp3 */,
			);
			path = Sounds;
			sourceTree = "<group>";
		};
/* End PBXGroup section */

/* Begin PBXNativeTarget section */
		727127D1253769B0009C4D81 /* SwiftyDice_TPK */ = {
			isa = PBXNativeTarget;
			buildConfigurationList = 727127E6253769B3009C4D81 /* Build configuration list for PBXNativeTarget "SwiftyDice_TPK" */;
			buildPhases = (
				727127CE253769B0009C4D81 /* Sources */,
				727127CF253769B0009C4D81 /* Frameworks */,
				727127D0253769B0009C4D81 /* Resources */,
			);
			buildRules = (
			);
			dependencies = (
			);
			name = SwiftyDice_TPK;
			productName = SwiftyDice_TPK;
			productReference = 727127D2253769B0009C4D81 /* SwiftyDice_TPK.app */;
			productType = "com.apple.product-type.application";
		};
/* End PBXNativeTarget section */

/* Begin PBXProject section */
		727127CA253769B0009C4D81 /* Project object */ = {
			isa = PBXProject;
			attributes = {
				LastSwiftUpdateCheck = 1200;
				LastUpgradeCheck = 1200;
				TargetAttributes = {
					727127D1253769B0009C4D81 = {
						CreatedOnToolsVersion = 12.0.1;
					};
				};
			};
			buildConfigurationList = 727127CD253769B0009C4D81 /* Build configuration list for PBXProject "SwiftyDice_TPK" */;
			compatibilityVersion = "Xcode 9.3";
			developmentRegion = en;
			hasScannedForEncodings = 0;
			knownRegions = (
				en,
				Base,
			);
			mainGroup = 727127C9253769B0009C4D81;
			productRefGroup = 727127D3253769B0009C4D81 /* Products */;
			projectDirPath = "";
			projectRoot = "";
			targets = (
				727127D1253769B0009C4D81 /* SwiftyDice_TPK */,
			);
		};
/* End PBXProject section */

/* Begin PBXResourcesBuildPhase section */
		727127D0253769B0009C4D81 /* Resources */ = {
			isa = PBXResourcesBuildPhase;
			buildActionMask = 2147483647;
			files = (
				727127F0253E0400009C4D81 /* rolldice.mp3 in Resources */,
				727127F1253E0400009C4D81 /* failwah.mp3 in Resources */,
				727127F3253E0400009C4D81 /* zfanfare.mp3 in Resources */,
				727127E2253769B3009C4D81 /* LaunchScreen.storyboard in Resources */,
				727127DF253769B3009C4D81 /* Assets.xcassets in Resources */,
				727127F2253E0400009C4D81 /* torpedo.mp3 in Resources */,
				727127DD253769B0009C4D81 /* Main.storyboard in Resources */,
			);
			runOnlyForDeploymentPostprocessing = 0;
		};
/* End PBXResourcesBuildPhase section */

/* Begin PBXSourcesBuildPhase section */
		727127CE253769B0009C4D81 /* Sources */ = {
			isa = PBXSourcesBuildPhase;
			buildActionMask = 2147483647;
			files = (
				727127DA253769B0009C4D81 /* ViewController.swift in Sources */,
				727127D6253769B0009C4D81 /* AppDelegate.swift in Sources */,
				727127D8253769B0009C4D81 /* SceneDelegate.swift in Sources */,
			);
			runOnlyForDeploymentPostprocessing = 0;
		};
/* End PBXSourcesBuildPhase section */

/* Begin PBXVariantGroup section */
		727127DB253769B0009C4D81 /* Main.storyboard */ = {
			isa = PBXVariantGroup;
			children = (
				727127DC253769B0009C4D81 /* Base */,
			);
			name = Main.storyboard;
			sourceTree = "<group>";
		};
		727127E0253769B3009C4D81 /* LaunchScreen.storyboard */ = {
			isa = PBXVariantGroup;
			children = (
				727127E1253769B3009C4D81 /* Base */,
			);
			name = LaunchScreen.storyboard;
			sourceTree = "<group>";
		};
/* End PBXVariantGroup section */

/* Begin XCBuildConfiguration section */
		727127E4253769B3009C4D81 /* Debug */ = {
			isa = XCBuildConfiguration;
			buildSettings = {
				ALWAYS_SEARCH_USER_PATHS = NO;
				CLANG_ANALYZER_NONNULL = YES;
				CLANG_ANALYZER_NUMBER_OBJECT_CONVERSION = YES_AGGRESSIVE;
				CLANG_CXX_LANGUAGE_STANDARD = "gnu++14";
				CLANG_CXX_LIBRARY = "libc++";
				CLANG_ENABLE_MODULES = YES;
				CLANG_ENABLE_OBJC_ARC = YES;
				CLANG_ENABLE_OBJC_WEAK = YES;
				CLANG_WARN_BLOCK_CAPTURE_AUTORELEASING = YES;
				CLANG_WARN_BOOL_CONVERSION = YES;
				CLANG_WARN_COMMA = YES;
				CLANG_WARN_CONSTANT_CONVERSION = YES;
				CLANG_WARN_DEPRECATED_OBJC_IMPLEMENTATIONS = YES;
				CLANG_WARN_DIRECT_OBJC_ISA_USAGE = YES_ERROR;
				CLANG_WARN_DOCUMENTATION_COMMENTS = YES;
				CLANG_WARN_EMPTY_BODY = YES;
				CLANG_WARN_ENUM_CONVERSION = YES;
				CLANG_WARN_INFINITE_RECURSION = YES;
				CLANG_WARN_INT_CONVERSION = YES;
				CLANG_WARN_NON_LITERAL_NULL_CONVERSION = YES;
				CLANG_WARN_OBJC_IMPLICIT_RETAIN_SELF = YES;
				CLANG_WARN_OBJC_LITERAL_CONVERSION = YES;
				CLANG_WARN_OBJC_ROOT_CLASS = YES_ERROR;
				CLANG_WARN_QUOTED_INCLUDE_IN_FRAMEWORK_HEADER = YES;
				CLANG_WARN_RANGE_LOOP_ANALYSIS = YES;
				CLANG_WARN_STRICT_PROTOTYPES = YES;
				CLANG_WARN_SUSPICIOUS_MOVE = YES;
				CLANG_WARN_UNGUARDED_AVAILABILITY = YES_AGGRESSIVE;
				CLANG_WARN_UNREACHABLE_CODE = YES;
				CLANG_WARN__DUPLICATE_METHOD_MATCH = YES;
				COPY_PHASE_STRIP = NO;
				DEBUG_INFORMATION_FORMAT = dwarf;
				ENABLE_STRICT_OBJC_MSGSEND = YES;
				ENABLE_TESTABILITY = YES;
				GCC_C_LANGUAGE_STANDARD = gnu11;
				GCC_DYNAMIC_NO_PIC = NO;
				GCC_NO_COMMON_BLOCKS = YES;
				GCC_OPTIMIZATION_LEVEL = 0;
				GCC_PREPROCESSOR_DEFINITIONS = (
					"DEBUG=1",
					"$(inherited)",
				);
				GCC_WARN_64_TO_32_BIT_CONVERSION = YES;
				GCC_WARN_ABOUT_RETURN_TYPE = YES_ERROR;
				GCC_WARN_UNDECLARED_SELECTOR = YES;
				GCC_WARN_UNINITIALIZED_AUTOS = YES_AGGRESSIVE;
				GCC_WARN_UNUSED_FUNCTION = YES;
				GCC_WARN_UNUSED_VARIABLE = YES;
				IPHONEOS_DEPLOYMENT_TARGET = 14.0;
				MTL_ENABLE_DEBUG_INFO = INCLUDE_SOURCE;
				MTL_FAST_MATH = YES;
				ONLY_ACTIVE_ARCH = YES;
				SDKROOT = iphoneos;
				SWIFT_ACTIVE_COMPILATION_CONDITIONS = DEBUG;
				SWIFT_OPTIMIZATION_LEVEL = "-Onone";
			};
			name = Debug;
		};
		727127E5253769B3009C4D81 /* Release */ = {
			isa = XCBuildConfiguration;
			buildSettings = {
				ALWAYS_SEARCH_USER_PATHS = NO;
				CLANG_ANALYZER_NONNULL = YES;
				CLANG_ANALYZER_NUMBER_OBJECT_CONVERSION = YES_AGGRESSIVE;
				CLANG_CXX_LANGUAGE_STANDARD = "gnu++14";
				CLANG_CXX_LIBRARY = "libc++";
				CLANG_ENABLE_MODULES = YES;
				CLANG_ENABLE_OBJC_ARC = YES;
				CLANG_ENABLE_OBJC_WEAK = YES;
				CLANG_WARN_BLOCK_CAPTURE_AUTORELEASING = YES;
				CLANG_WARN_BOOL_CONVERSION = YES;
				CLANG_WARN_COMMA = YES;
				CLANG_WARN_CONSTANT_CONVERSION = YES;
				CLANG_WARN_DEPRECATED_OBJC_IMPLEMENTATIONS = YES;
				CLANG_WARN_DIRECT_OBJC_ISA_USAGE = YES_ERROR;
				CLANG_WARN_DOCUMENTATION_COMMENTS = YES;
				CLANG_WARN_EMPTY_BODY = YES;
				CLANG_WARN_ENUM_CONVERSION = YES;
				CLANG_WARN_INFINITE_RECURSION = YES;
				CLANG_WARN_INT_CONVERSION = YES;
				CLANG_WARN_NON_LITERAL_NULL_CONVERSION = YES;
				CLANG_WARN_OBJC_IMPLICIT_RETAIN_SELF = YES;
				CLANG_WARN_OBJC_LITERAL_CONVERSION = YES;
				CLANG_WARN_OBJC_ROOT_CLASS = YES_ERROR;
				CLANG_WARN_QUOTED_INCLUDE_IN_FRAMEWORK_HEADER = YES;
				CLANG_WARN_RANGE_LOOP_ANALYSIS = YES;
				CLANG_WARN_STRICT_PROTOTYPES = YES;
				CLANG_WARN_SUSPICIOUS_MOVE = YES;
				CLANG_WARN_UNGUARDED_AVAILABILITY = YES_AGGRESSIVE;
				CLANG_WARN_UNREACHABLE_CODE = YES;
				CLANG_WARN__DUPLICATE_METHOD_MATCH = YES;
				COPY_PHASE_STRIP = NO;
				DEBUG_INFORMATION_FORMAT = "dwarf-with-dsym";
				ENABLE_NS_ASSERTIONS = NO;
				ENABLE_STRICT_OBJC_MSGSEND = YES;
				GCC_C_LANGUAGE_STANDARD = gnu11;
				GCC_NO_COMMON_BLOCKS = YES;
				GCC_WARN_64_TO_32_BIT_CONVERSION = YES;
				GCC_WARN_ABOUT_RETURN_TYPE = YES_ERROR;
				GCC_WARN_UNDECLARED_SELECTOR = YES;
				GCC_WARN_UNINITIALIZED_AUTOS = YES_AGGRESSIVE;
				GCC_WARN_UNUSED_FUNCTION = YES;
				GCC_WARN_UNUSED_VARIABLE = YES;
				IPHONEOS_DEPLOYMENT_TARGET = 14.0;
				MTL_ENABLE_DEBUG_INFO = NO;
				MTL_FAST_MATH = YES;
				SDKROOT = iphoneos;
				SWIFT_COMPILATION_MODE = wholemodule;
				SWIFT_OPTIMIZATION_LEVEL = "-O";
				VALIDATE_PRODUCT = YES;
			};
			name = Release;
		};
		727127E7253769B3009C4D81 /* Debug */ = {
			isa = XCBuildConfiguration;
			buildSettings = {
				ASSETCATALOG_COMPILER_APPICON_NAME = AppIcon;
				ASSETCATALOG_COMPILER_GLOBAL_ACCENT_COLOR_NAME = AccentColor;
				CODE_SIGN_STYLE = Automatic;
				INFOPLIST_FILE = SwiftyDice_TPK/Info.plist;
				LD_RUNPATH_SEARCH_PATHS = (
					"$(inherited)",
					"@executable_path/Frameworks",
				);
				PRODUCT_BUNDLE_IDENTIFIER = "com.tpk.SwiftyDice-TPK";
				PRODUCT_NAME = "$(TARGET_NAME)";
				SWIFT_VERSION = 5.0;
				TARGETED_DEVICE_FAMILY = "1,2";
			};
			name = Debug;
		};
		727127E8253769B3009C4D81 /* Release */ = {
			isa = XCBuildConfiguration;
			buildSettings = {
				ASSETCATALOG_COMPILER_APPICON_NAME = AppIcon;
				ASSETCATALOG_COMPILER_GLOBAL_ACCENT_COLOR_NAME = AccentColor;
				CODE_SIGN_STYLE = Automatic;
				INFOPLIST_FILE = SwiftyDice_TPK/Info.plist;
				LD_RUNPATH_SEARCH_PATHS = (
					"$(inherited)",
					"@executable_path/Frameworks",
				);
				PRODUCT_BUNDLE_IDENTIFIER = "com.tpk.SwiftyDice-TPK";
				PRODUCT_NAME = "$(TARGET_NAME)";
				SWIFT_VERSION = 5.0;
				TARGETED_DEVICE_FAMILY = "1,2";
			};
			name = Release;
		};
/* End XCBuildConfiguration section */

/* Begin XCConfigurationList section */
		727127CD253769B0009C4D81 /* Build configuration list for PBXProject "SwiftyDice_TPK" */ = {
			isa = XCConfigurationList;
			buildConfigurations = (
				727127E4253769B3009C4D81 /* Debug */,
				727127E5253769B3009C4D81 /* Release */,
			);
			defaultConfigurationIsVisible = 0;
			defaultConfigurationName = Release;
		};
		727127E6253769B3009C4D81 /* Build configuration list for PBXNativeTarget "SwiftyDice_TPK" */ = {
			isa = XCConfigurationList;
			buildConfigurations = (
				727127E7253769B3009C4D81 /* Debug */,
				727127E8253769B3009C4D81 /* Release */,
			);
			defaultConfigurationIsVisible = 0;
			defaultConfigurationName = Release;
		};
/* End XCConfigurationList section */
	};
	rootObject = 727127CA253769B0009C4D81 /* Project object */;
}
